// !$*UTF8*$!
{
	archiveVersion = 1;
	classes = {
	};
	objectVersion = 46;
	objects = {

/* Begin PBXBuildFile section */
		CE127B4A1AACB8A900045BAB /* MMA.c in Sources */ = {isa = PBXBuildFile; fileRef = CE127B491AACB8A900045BAB /* MMA.c */; };
		CE127B4E1AACBBBB00045BAB /* simulation.c in Sources */ = {isa = PBXBuildFile; fileRef = CE127B4C1AACBBBB00045BAB /* simulation.c */; };
		CE2313F71AAB6A4900B721E8 /* libcurl.4.dylib in Frameworks */ = {isa = PBXBuildFile; fileRef = CE2313F61AAB6A4900B721E8 /* libcurl.4.dylib */; };
		CE2313FA1AAB73FB00B721E8 /* reseau.c in Sources */ = {isa = PBXBuildFile; fileRef = CE2313F81AAB73FB00B721E8 /* reseau.c */; };
		CE2313FD1AAB770A00B721E8 /* parsing.c in Sources */ = {isa = PBXBuildFile; fileRef = CE2313FB1AAB770A00B721E8 /* parsing.c */; };
		CE26FF4C1AAD2508000F1862 /* action.c in Sources */ = {isa = PBXBuildFile; fileRef = CE26FF4A1AAD2508000F1862 /* action.c */; };
		CEB26B381AAD276600F781FD /* Momentum.c in Sources */ = {isa = PBXBuildFile; fileRef = CEB26B361AAD276600F781FD /* Momentum.c */; };
		CEB26B391AAD276600F781FD /* Points Pivots.c in Sources */ = {isa = PBXBuildFile; fileRef = CEB26B371AAD276600F781FD /* Points Pivots.c */; };
		CEB26B3B1AAD2F8E00F781FD /* interface.c in Sources */ = {isa = PBXBuildFile; fileRef = CEB26B3A1AAD2F8E00F781FD /* interface.c */; };
		CEBD6A4F1AB2318500C5F552 /* AC.txt in CopyFiles */ = {isa = PBXBuildFile; fileRef = CEBD6A251AB2316F00C5F552 /* AC.txt */; };
		CEBD6A501AB2318500C5F552 /* ACA.txt in CopyFiles */ = {isa = PBXBuildFile; fileRef = CEBD6A261AB2316F00C5F552 /* ACA.txt */; };
		CEBD6A511AB2318500C5F552 /* AI.txt in CopyFiles */ = {isa = PBXBuildFile; fileRef = CEBD6A271AB2316F00C5F552 /* AI.txt */; };
		CEBD6A521AB2318500C5F552 /* AIR.txt in CopyFiles */ = {isa = PBXBuildFile; fileRef = CEBD6A281AB2316F00C5F552 /* AIR.txt */; };
		CEBD6A531AB2318500C5F552 /* ALO.txt in CopyFiles */ = {isa = PBXBuildFile; fileRef = CEBD6A291AB2316F00C5F552 /* ALO.txt */; };
		CEBD6A541AB2318500C5F552 /* ALU.txt in CopyFiles */ = {isa = PBXBuildFile; fileRef = CEBD6A2A1AB2316F00C5F552 /* ALU.txt */; };
		CEBD6A551AB2318500C5F552 /* BN.txt in CopyFiles */ = {isa = PBXBuildFile; fileRef = CEBD6A2B1AB2316F00C5F552 /* BN.txt */; };
		CEBD6A561AB2318500C5F552 /* BNP.txt in CopyFiles */ = {isa = PBXBuildFile; fileRef = CEBD6A2C1AB2316F00C5F552 /* BNP.txt */; };
		CEBD6A571AB2318500C5F552 /* CA.txt in CopyFiles */ = {isa = PBXBuildFile; fileRef = CEBD6A2D1AB2316F00C5F552 /* CA.txt */; };
		CEBD6A581AB2318500C5F552 /* CAP.txt in CopyFiles */ = {isa = PBXBuildFile; fileRef = CEBD6A2E1AB2316F00C5F552 /* CAP.txt */; };
		CEBD6A591AB2318500C5F552 /* CS.txt in CopyFiles */ = {isa = PBXBuildFile; fileRef = CEBD6A2F1AB2316F00C5F552 /* CS.txt */; };
		CEBD6A5A1AB2318500C5F552 /* DG.txt in CopyFiles */ = {isa = PBXBuildFile; fileRef = CEBD6A301AB2316F00C5F552 /* DG.txt */; };
		CEBD6A5B1AB2318500C5F552 /* EDF.txt in CopyFiles */ = {isa = PBXBuildFile; fileRef = CEBD6A311AB2316F00C5F552 /* EDF.txt */; };
		CEBD6A5C1AB2318500C5F552 /* EI.txt in CopyFiles */ = {isa = PBXBuildFile; fileRef = CEBD6A321AB2316F00C5F552 /* EI.txt */; };
		CEBD6A5D1AB2318500C5F552 /* EN.txt in CopyFiles */ = {isa = PBXBuildFile; fileRef = CEBD6A331AB2316F00C5F552 /* EN.txt */; };
		CEBD6A5E1AB2318500C5F552 /* FP.txt in CopyFiles */ = {isa = PBXBuildFile; fileRef = CEBD6A341AB2316F00C5F552 /* FP.txt */; };
		CEBD6A5F1AB2318500C5F552 /* FR.txt in CopyFiles */ = {isa = PBXBuildFile; fileRef = CEBD6A351AB2316F00C5F552 /* FR.txt */; };
		CEBD6A601AB2318500C5F552 /* GLE.txt in CopyFiles */ = {isa = PBXBuildFile; fileRef = CEBD6A361AB2316F00C5F552 /* GLE.txt */; };
		CEBD6A611AB2318500C5F552 /* graphe.jpg in CopyFiles */ = {isa = PBXBuildFile; fileRef = CEBD6A371AB2316F00C5F552 /* graphe.jpg */; };
		CEBD6A621AB2318500C5F552 /* GSZ.txt in CopyFiles */ = {isa = PBXBuildFile; fileRef = CEBD6A381AB2316F00C5F552 /* GSZ.txt */; };
		CEBD6A631AB2318500C5F552 /* GTO.txt in CopyFiles */ = {isa = PBXBuildFile; fileRef = CEBD6A391AB2316F00C5F552 /* GTO.txt */; };
		CEBD6A641AB2318500C5F552 /* KER.txt in CopyFiles */ = {isa = PBXBuildFile; fileRef = CEBD6A3A1AB2316F00C5F552 /* KER.txt */; };
		CEBD6A651AB2318500C5F552 /* LG.txt in CopyFiles */ = {isa = PBXBuildFile; fileRef = CEBD6A3B1AB2316F00C5F552 /* LG.txt */; };
		CEBD6A661AB2318500C5F552 /* LR.txt in CopyFiles */ = {isa = PBXBuildFile; fileRef = CEBD6A3C1AB2316F00C5F552 /* LR.txt */; };
		CEBD6A671AB2318500C5F552 /* MC.txt in CopyFiles */ = {isa = PBXBuildFile; fileRef = CEBD6A3D1AB2316F00C5F552 /* MC.txt */; };
		CEBD6A681AB2318500C5F552 /* ML.txt in CopyFiles */ = {isa = PBXBuildFile; fileRef = CEBD6A3E1AB2316F00C5F552 /* ML.txt */; };
		CEBD6A691AB2318500C5F552 /* MT.txt in CopyFiles */ = {isa = PBXBuildFile; fileRef = CEBD6A3F1AB2316F00C5F552 /* MT.txt */; };
		CEBD6A6A1AB2318500C5F552 /* OR.txt in CopyFiles */ = {isa = PBXBuildFile; fileRef = CEBD6A401AB2316F00C5F552 /* OR.txt */; };
		CEBD6A6B1AB2318500C5F552 /* ORA.txt in CopyFiles */ = {isa = PBXBuildFile; fileRef = CEBD6A411AB2316F00C5F552 /* ORA.txt */; };
		CEBD6A6C1AB2318500C5F552 /* PUB.txt in CopyFiles */ = {isa = PBXBuildFile; fileRef = CEBD6A421AB2316F00C5F552 /* PUB.txt */; };
		CEBD6A6D1AB2318500C5F552 /* RI.txt in CopyFiles */ = {isa = PBXBuildFile; fileRef = CEBD6A431AB2316F00C5F552 /* RI.txt */; };
		CEBD6A6E1AB2318500C5F552 /* RNO.txt in CopyFiles */ = {isa = PBXBuildFile; fileRef = CEBD6A441AB2316F00C5F552 /* RNO.txt */; };
		CEBD6A6F1AB2318500C5F552 /* SAF.txt in CopyFiles */ = {isa = PBXBuildFile; fileRef = CEBD6A451AB2316F00C5F552 /* SAF.txt */; };
		CEBD6A701AB2318500C5F552 /* SAN.txt in CopyFiles */ = {isa = PBXBuildFile; fileRef = CEBD6A461AB2316F00C5F552 /* SAN.txt */; };
		CEBD6A711AB2318500C5F552 /* SGO.txt in CopyFiles */ = {isa = PBXBuildFile; fileRef = CEBD6A471AB2316F00C5F552 /* SGO.txt */; };
		CEBD6A721AB2318500C5F552 /* SOLB.txt in CopyFiles */ = {isa = PBXBuildFile; fileRef = CEBD6A481AB2316F00C5F552 /* SOLB.txt */; };
		CEBD6A731AB2318500C5F552 /* SU.txt in CopyFiles */ = {isa = PBXBuildFile; fileRef = CEBD6A491AB2316F00C5F552 /* SU.txt */; };
		CEBD6A741AB2318500C5F552 /* TEC.txt in CopyFiles */ = {isa = PBXBuildFile; fileRef = CEBD6A4A1AB2316F00C5F552 /* TEC.txt */; };
		CEBD6A751AB2318500C5F552 /* UL.txt in CopyFiles */ = {isa = PBXBuildFile; fileRef = CEBD6A4B1AB2316F00C5F552 /* UL.txt */; };
		CEBD6A761AB2318500C5F552 /* URL in CopyFiles */ = {isa = PBXBuildFile; fileRef = CEBD6A4C1AB2316F00C5F552 /* URL */; };
		CEBD6A771AB2318500C5F552 /* VIE.txt in CopyFiles */ = {isa = PBXBuildFile; fileRef = CEBD6A4D1AB2316F00C5F552 /* VIE.txt */; };
		CEBD6A781AB2318500C5F552 /* VIV.txt in CopyFiles */ = {isa = PBXBuildFile; fileRef = CEBD6A4E1AB2316F00C5F552 /* VIV.txt */; };
		CEC9D8B11AAB1B5300E1CE93 /* main.c in Sources */ = {isa = PBXBuildFile; fileRef = CEC9D8B01AAB1B5300E1CE93 /* main.c */; };
		CEDB0E721AAB30BF0048667C /* libatk-1.0.0.dylib in Frameworks */ = {isa = PBXBuildFile; fileRef = CEDB0E711AAB30BF0048667C /* libatk-1.0.0.dylib */; };
		CEDB0E741AAB30DC0048667C /* libgdk-x11-2.0.0.dylib in Frameworks */ = {isa = PBXBuildFile; fileRef = CEDB0E731AAB30DC0048667C /* libgdk-x11-2.0.0.dylib */; };
		CEDB0E761AAB30F60048667C /* libgdk_pixbuf-2.0.0.dylib in Frameworks */ = {isa = PBXBuildFile; fileRef = CEDB0E751AAB30F60048667C /* libgdk_pixbuf-2.0.0.dylib */; };
		CEDB0E781AAB31120048667C /* libglib-2.0.0.dylib in Frameworks */ = {isa = PBXBuildFile; fileRef = CEDB0E771AAB31120048667C /* libglib-2.0.0.dylib */; };
		CEDB0E7A1AAB31270048667C /* libgmodule-2.0.0.dylib in Frameworks */ = {isa = PBXBuildFile; fileRef = CEDB0E791AAB31270048667C /* libgmodule-2.0.0.dylib */; };
		CEDB0E7C1AAB314F0048667C /* libgobject-2.0.0.dylib in Frameworks */ = {isa = PBXBuildFile; fileRef = CEDB0E7B1AAB314F0048667C /* libgobject-2.0.0.dylib */; };
		CEDB0E7E1AAB31600048667C /* libgthread-2.0.0.dylib in Frameworks */ = {isa = PBXBuildFile; fileRef = CEDB0E7D1AAB31600048667C /* libgthread-2.0.0.dylib */; };
		CEDB0E801AAB31700048667C /* libgtk-x11-2.0.0.dylib in Frameworks */ = {isa = PBXBuildFile; fileRef = CEDB0E7F1AAB31700048667C /* libgtk-x11-2.0.0.dylib */; };
		CEDB0E821AAB31A60048667C /* libpangoxft-1.0.0.dylib in Frameworks */ = {isa = PBXBuildFile; fileRef = CEDB0E811AAB31A60048667C /* libpangoxft-1.0.0.dylib */; };
/* End PBXBuildFile section */

/* Begin PBXCopyFilesBuildPhase section */
		CEC9D8AB1AAB1B5300E1CE93 /* CopyFiles */ = {
			isa = PBXCopyFilesBuildPhase;
			buildActionMask = 12;
			dstPath = usr/share/man/man1;
			dstSubfolderSpec = 7;
			files = (
				CEBD6A4F1AB2318500C5F552 /* AC.txt in CopyFiles */,
				CEBD6A501AB2318500C5F552 /* ACA.txt in CopyFiles */,
				CEBD6A511AB2318500C5F552 /* AI.txt in CopyFiles */,
				CEBD6A521AB2318500C5F552 /* AIR.txt in CopyFiles */,
				CEBD6A531AB2318500C5F552 /* ALO.txt in CopyFiles */,
				CEBD6A541AB2318500C5F552 /* ALU.txt in CopyFiles */,
				CEBD6A551AB2318500C5F552 /* BN.txt in CopyFiles */,
				CEBD6A561AB2318500C5F552 /* BNP.txt in CopyFiles */,
				CEBD6A571AB2318500C5F552 /* CA.txt in CopyFiles */,
				CEBD6A581AB2318500C5F552 /* CAP.txt in CopyFiles */,
				CEBD6A591AB2318500C5F552 /* CS.txt in CopyFiles */,
				CEBD6A5A1AB2318500C5F552 /* DG.txt in CopyFiles */,
				CEBD6A5B1AB2318500C5F552 /* EDF.txt in CopyFiles */,
				CEBD6A5C1AB2318500C5F552 /* EI.txt in CopyFiles */,
				CEBD6A5D1AB2318500C5F552 /* EN.txt in CopyFiles */,
				CEBD6A5E1AB2318500C5F552 /* FP.txt in CopyFiles */,
				CEBD6A5F1AB2318500C5F552 /* FR.txt in CopyFiles */,
				CEBD6A601AB2318500C5F552 /* GLE.txt in CopyFiles */,
				CEBD6A611AB2318500C5F552 /* graphe.jpg in CopyFiles */,
				CEBD6A621AB2318500C5F552 /* GSZ.txt in CopyFiles */,
				CEBD6A631AB2318500C5F552 /* GTO.txt in CopyFiles */,
				CEBD6A641AB2318500C5F552 /* KER.txt in CopyFiles */,
				CEBD6A651AB2318500C5F552 /* LG.txt in CopyFiles */,
				CEBD6A661AB2318500C5F552 /* LR.txt in CopyFiles */,
				CEBD6A671AB2318500C5F552 /* MC.txt in CopyFiles */,
				CEBD6A681AB2318500C5F552 /* ML.txt in CopyFiles */,
				CEBD6A691AB2318500C5F552 /* MT.txt in CopyFiles */,
				CEBD6A6A1AB2318500C5F552 /* OR.txt in CopyFiles */,
				CEBD6A6B1AB2318500C5F552 /* ORA.txt in CopyFiles */,
				CEBD6A6C1AB2318500C5F552 /* PUB.txt in CopyFiles */,
				CEBD6A6D1AB2318500C5F552 /* RI.txt in CopyFiles */,
				CEBD6A6E1AB2318500C5F552 /* RNO.txt in CopyFiles */,
				CEBD6A6F1AB2318500C5F552 /* SAF.txt in CopyFiles */,
				CEBD6A701AB2318500C5F552 /* SAN.txt in CopyFiles */,
				CEBD6A711AB2318500C5F552 /* SGO.txt in CopyFiles */,
				CEBD6A721AB2318500C5F552 /* SOLB.txt in CopyFiles */,
				CEBD6A731AB2318500C5F552 /* SU.txt in CopyFiles */,
				CEBD6A741AB2318500C5F552 /* TEC.txt in CopyFiles */,
				CEBD6A751AB2318500C5F552 /* UL.txt in CopyFiles */,
				CEBD6A761AB2318500C5F552 /* URL in CopyFiles */,
				CEBD6A771AB2318500C5F552 /* VIE.txt in CopyFiles */,
				CEBD6A781AB2318500C5F552 /* VIV.txt in CopyFiles */,
			);
			runOnlyForDeploymentPostprocessing = 0;
		};
/* End PBXCopyFilesBuildPhase section */

/* Begin PBXFileReference section */
		CE127B491AACB8A900045BAB /* MMA.c */ = {isa = PBXFileReference; fileEncoding = 4; lastKnownFileType = sourcecode.c.c; path = MMA.c; sourceTree = "<group>"; };
		CE127B4B1AACBABD00045BAB /* algoTechnique.h */ = {isa = PBXFileReference; lastKnownFileType = sourcecode.c.h; name = algoTechnique.h; path = trading/algoTechnique.h; sourceTree = "<group>"; };
		CE127B4C1AACBBBB00045BAB /* simulation.c */ = {isa = PBXFileReference; fileEncoding = 4; lastKnownFileType = sourcecode.c.c; path = simulation.c; sourceTree = "<group>"; };
		CE127B4D1AACBBBB00045BAB /* simulation.h */ = {isa = PBXFileReference; fileEncoding = 4; lastKnownFileType = sourcecode.c.h; name = simulation.h; path = trading/simulation.h; sourceTree = "<group>"; };
		CE2313F61AAB6A4900B721E8 /* libcurl.4.dylib */ = {isa = PBXFileReference; lastKnownFileType = "compiled.mach-o.dylib"; name = libcurl.4.dylib; path = ../../../../../opt/local/lib/libcurl.4.dylib; sourceTree = "<group>"; };
		CE2313F81AAB73FB00B721E8 /* reseau.c */ = {isa = PBXFileReference; fileEncoding = 4; lastKnownFileType = sourcecode.c.c; path = reseau.c; sourceTree = "<group>"; };
		CE2313F91AAB73FB00B721E8 /* reseau.h */ = {isa = PBXFileReference; fileEncoding = 4; lastKnownFileType = sourcecode.c.h; name = reseau.h; path = trading/reseau.h; sourceTree = "<group>"; };
		CE2313FB1AAB770A00B721E8 /* parsing.c */ = {isa = PBXFileReference; fileEncoding = 4; lastKnownFileType = sourcecode.c.c; path = parsing.c; sourceTree = "<group>"; };
		CE2313FC1AAB770A00B721E8 /* parsing.h */ = {isa = PBXFileReference; fileEncoding = 4; lastKnownFileType = sourcecode.c.h; name = parsing.h; path = trading/parsing.h; sourceTree = "<group>"; };
		CE26FF4A1AAD2508000F1862 /* action.c */ = {isa = PBXFileReference; fileEncoding = 4; lastKnownFileType = sourcecode.c.c; path = action.c; sourceTree = "<group>"; };
		CE26FF4B1AAD2508000F1862 /* action.h */ = {isa = PBXFileReference; fileEncoding = 4; lastKnownFileType = sourcecode.c.h; name = action.h; path = trading/action.h; sourceTree = "<group>"; };
		CEB26B361AAD276600F781FD /* Momentum.c */ = {isa = PBXFileReference; fileEncoding = 4; lastKnownFileType = sourcecode.c.c; path = Momentum.c; sourceTree = "<group>"; };
		CEB26B371AAD276600F781FD /* Points Pivots.c */ = {isa = PBXFileReference; fileEncoding = 4; lastKnownFileType = sourcecode.c.c; path = "Points Pivots.c"; sourceTree = "<group>"; };
		CEB26B3A1AAD2F8E00F781FD /* interface.c */ = {isa = PBXFileReference; fileEncoding = 4; lastKnownFileType = sourcecode.c.c; path = interface.c; sourceTree = "<group>"; };
		CEB26B3C1AAD2FAC00F781FD /* interface.h */ = {isa = PBXFileReference; lastKnownFileType = sourcecode.c.h; name = interface.h; path = trading/interface.h; sourceTree = "<group>"; };
		CEBD6A251AB2316F00C5F552 /* AC.txt */ = {isa = PBXFileReference; fileEncoding = 4; lastKnownFileType = text; name = AC.txt; path = trading/resources/AC.txt; sourceTree = "<group>"; };
		CEBD6A261AB2316F00C5F552 /* ACA.txt */ = {isa = PBXFileReference; fileEncoding = 4; lastKnownFileType = text; name = ACA.txt; path = trading/resources/ACA.txt; sourceTree = "<group>"; };
		CEBD6A271AB2316F00C5F552 /* AI.txt */ = {isa = PBXFileReference; fileEncoding = 4; lastKnownFileType = text; name = AI.txt; path = trading/resources/AI.txt; sourceTree = "<group>"; };
		CEBD6A281AB2316F00C5F552 /* AIR.txt */ = {isa = PBXFileReference; fileEncoding = 4; lastKnownFileType = text; name = AIR.txt; path = trading/resources/AIR.txt; sourceTree = "<group>"; };
		CEBD6A291AB2316F00C5F552 /* ALO.txt */ = {isa = PBXFileReference; fileEncoding = 4; lastKnownFileType = text; name = ALO.txt; path = trading/resources/ALO.txt; sourceTree = "<group>"; };
		CEBD6A2A1AB2316F00C5F552 /* ALU.txt */ = {isa = PBXFileReference; fileEncoding = 4; lastKnownFileType = text; name = ALU.txt; path = trading/resources/ALU.txt; sourceTree = "<group>"; };
		CEBD6A2B1AB2316F00C5F552 /* BN.txt */ = {isa = PBXFileReference; fileEncoding = 4; lastKnownFileType = text; name = BN.txt; path = trading/resources/BN.txt; sourceTree = "<group>"; };
		CEBD6A2C1AB2316F00C5F552 /* BNP.txt */ = {isa = PBXFileReference; fileEncoding = 4; lastKnownFileType = text; name = BNP.txt; path = trading/resources/BNP.txt; sourceTree = "<group>"; };
		CEBD6A2D1AB2316F00C5F552 /* CA.txt */ = {isa = PBXFileReference; fileEncoding = 4; lastKnownFileType = text; name = CA.txt; path = trading/resources/CA.txt; sourceTree = "<group>"; };
		CEBD6A2E1AB2316F00C5F552 /* CAP.txt */ = {isa = PBXFileReference; fileEncoding = 4; lastKnownFileType = text; name = CAP.txt; path = trading/resources/CAP.txt; sourceTree = "<group>"; };
		CEBD6A2F1AB2316F00C5F552 /* CS.txt */ = {isa = PBXFileReference; fileEncoding = 4; lastKnownFileType = text; name = CS.txt; path = trading/resources/CS.txt; sourceTree = "<group>"; };
		CEBD6A301AB2316F00C5F552 /* DG.txt */ = {isa = PBXFileReference; fileEncoding = 4; lastKnownFileType = text; name = DG.txt; path = trading/resources/DG.txt; sourceTree = "<group>"; };
		CEBD6A311AB2316F00C5F552 /* EDF.txt */ = {isa = PBXFileReference; fileEncoding = 4; lastKnownFileType = text; name = EDF.txt; path = trading/resources/EDF.txt; sourceTree = "<group>"; };
		CEBD6A321AB2316F00C5F552 /* EI.txt */ = {isa = PBXFileReference; fileEncoding = 4; lastKnownFileType = text; name = EI.txt; path = trading/resources/EI.txt; sourceTree = "<group>"; };
		CEBD6A331AB2316F00C5F552 /* EN.txt */ = {isa = PBXFileReference; fileEncoding = 4; lastKnownFileType = text; name = EN.txt; path = trading/resources/EN.txt; sourceTree = "<group>"; };
		CEBD6A341AB2316F00C5F552 /* FP.txt */ = {isa = PBXFileReference; fileEncoding = 4; lastKnownFileType = text; name = FP.txt; path = trading/resources/FP.txt; sourceTree = "<group>"; };
		CEBD6A351AB2316F00C5F552 /* FR.txt */ = {isa = PBXFileReference; fileEncoding = 4; lastKnownFileType = text; name = FR.txt; path = trading/resources/FR.txt; sourceTree = "<group>"; };
		CEBD6A361AB2316F00C5F552 /* GLE.txt */ = {isa = PBXFileReference; fileEncoding = 4; lastKnownFileType = text; name = GLE.txt; path = trading/resources/GLE.txt; sourceTree = "<group>"; };
		CEBD6A371AB2316F00C5F552 /* graphe.jpg */ = {isa = PBXFileReference; lastKnownFileType = image.jpeg; name = graphe.jpg; path = trading/resources/graphe.jpg; sourceTree = "<group>"; };
		CEBD6A381AB2316F00C5F552 /* GSZ.txt */ = {isa = PBXFileReference; fileEncoding = 4; lastKnownFileType = text; name = GSZ.txt; path = trading/resources/GSZ.txt; sourceTree = "<group>"; };
		CEBD6A391AB2316F00C5F552 /* GTO.txt */ = {isa = PBXFileReference; fileEncoding = 4; lastKnownFileType = text; name = GTO.txt; path = trading/resources/GTO.txt; sourceTree = "<group>"; };
		CEBD6A3A1AB2316F00C5F552 /* KER.txt */ = {isa = PBXFileReference; fileEncoding = 4; lastKnownFileType = text; name = KER.txt; path = trading/resources/KER.txt; sourceTree = "<group>"; };
		CEBD6A3B1AB2316F00C5F552 /* LG.txt */ = {isa = PBXFileReference; fileEncoding = 4; lastKnownFileType = text; name = LG.txt; path = trading/resources/LG.txt; sourceTree = "<group>"; };
		CEBD6A3C1AB2316F00C5F552 /* LR.txt */ = {isa = PBXFileReference; fileEncoding = 4; lastKnownFileType = text; name = LR.txt; path = trading/resources/LR.txt; sourceTree = "<group>"; };
		CEBD6A3D1AB2316F00C5F552 /* MC.txt */ = {isa = PBXFileReference; fileEncoding = 4; lastKnownFileType = text; name = MC.txt; path = trading/resources/MC.txt; sourceTree = "<group>"; };
		CEBD6A3E1AB2316F00C5F552 /* ML.txt */ = {isa = PBXFileReference; fileEncoding = 4; lastKnownFileType = text; name = ML.txt; path = trading/resources/ML.txt; sourceTree = "<group>"; };
		CEBD6A3F1AB2316F00C5F552 /* MT.txt */ = {isa = PBXFileReference; fileEncoding = 4; lastKnownFileType = text; name = MT.txt; path = trading/resources/MT.txt; sourceTree = "<group>"; };
		CEBD6A401AB2316F00C5F552 /* OR.txt */ = {isa = PBXFileReference; fileEncoding = 4; lastKnownFileType = text; name = OR.txt; path = trading/resources/OR.txt; sourceTree = "<group>"; };
		CEBD6A411AB2316F00C5F552 /* ORA.txt */ = {isa = PBXFileReference; fileEncoding = 4; lastKnownFileType = text; name = ORA.txt; path = trading/resources/ORA.txt; sourceTree = "<group>"; };
		CEBD6A421AB2316F00C5F552 /* PUB.txt */ = {isa = PBXFileReference; fileEncoding = 4; lastKnownFileType = text; name = PUB.txt; path = trading/resources/PUB.txt; sourceTree = "<group>"; };
		CEBD6A431AB2316F00C5F552 /* RI.txt */ = {isa = PBXFileReference; fileEncoding = 4; lastKnownFileType = text; name = RI.txt; path = trading/resources/RI.txt; sourceTree = "<group>"; };
		CEBD6A441AB2316F00C5F552 /* RNO.txt */ = {isa = PBXFileReference; fileEncoding = 4; lastKnownFileType = text; name = RNO.txt; path = trading/resources/RNO.txt; sourceTree = "<group>"; };
		CEBD6A451AB2316F00C5F552 /* SAF.txt */ = {isa = PBXFileReference; fileEncoding = 4; lastKnownFileType = text; name = SAF.txt; path = trading/resources/SAF.txt; sourceTree = "<group>"; };
		CEBD6A461AB2316F00C5F552 /* SAN.txt */ = {isa = PBXFileReference; fileEncoding = 4; lastKnownFileType = text; name = SAN.txt; path = trading/resources/SAN.txt; sourceTree = "<group>"; };
		CEBD6A471AB2316F00C5F552 /* SGO.txt */ = {isa = PBXFileReference; fileEncoding = 4; lastKnownFileType = text; name = SGO.txt; path = trading/resources/SGO.txt; sourceTree = "<group>"; };
		CEBD6A481AB2316F00C5F552 /* SOLB.txt */ = {isa = PBXFileReference; fileEncoding = 4; lastKnownFileType = text; name = SOLB.txt; path = trading/resources/SOLB.txt; sourceTree = "<group>"; };
		CEBD6A491AB2316F00C5F552 /* SU.txt */ = {isa = PBXFileReference; fileEncoding = 4; lastKnownFileType = text; name = SU.txt; path = trading/resources/SU.txt; sourceTree = "<group>"; };
		CEBD6A4A1AB2316F00C5F552 /* TEC.txt */ = {isa = PBXFileReference; fileEncoding = 4; lastKnownFileType = text; name = TEC.txt; path = trading/resources/TEC.txt; sourceTree = "<group>"; };
		CEBD6A4B1AB2316F00C5F552 /* UL.txt */ = {isa = PBXFileReference; fileEncoding = 4; lastKnownFileType = text; name = UL.txt; path = trading/resources/UL.txt; sourceTree = "<group>"; };
		CEBD6A4C1AB2316F00C5F552 /* URL */ = {isa = PBXFileReference; fileEncoding = 4; lastKnownFileType = text; name = URL; path = trading/resources/URL; sourceTree = "<group>"; };
		CEBD6A4D1AB2316F00C5F552 /* VIE.txt */ = {isa = PBXFileReference; fileEncoding = 4; lastKnownFileType = text; name = VIE.txt; path = trading/resources/VIE.txt; sourceTree = "<group>"; };
		CEBD6A4E1AB2316F00C5F552 /* VIV.txt */ = {isa = PBXFileReference; fileEncoding = 4; lastKnownFileType = text; name = VIV.txt; path = trading/resources/VIV.txt; sourceTree = "<group>"; };
		CEC9D8AD1AAB1B5300E1CE93 /* trading */ = {isa = PBXFileReference; explicitFileType = "compiled.mach-o.executable"; includeInIndex = 0; path = trading; sourceTree = BUILT_PRODUCTS_DIR; };
		CEC9D8B01AAB1B5300E1CE93 /* main.c */ = {isa = PBXFileReference; lastKnownFileType = sourcecode.c.c; path = main.c; sourceTree = "<group>"; };
		CEDB0E711AAB30BF0048667C /* libatk-1.0.0.dylib */ = {isa = PBXFileReference; lastKnownFileType = "compiled.mach-o.dylib"; name = "libatk-1.0.0.dylib"; path = "../../../../../opt/local/lib/libatk-1.0.0.dylib"; sourceTree = "<group>"; };
		CEDB0E731AAB30DC0048667C /* libgdk-x11-2.0.0.dylib */ = {isa = PBXFileReference; lastKnownFileType = "compiled.mach-o.dylib"; name = "libgdk-x11-2.0.0.dylib"; path = "../../../../../opt/local/lib/libgdk-x11-2.0.0.dylib"; sourceTree = "<group>"; };
		CEDB0E751AAB30F60048667C /* libgdk_pixbuf-2.0.0.dylib */ = {isa = PBXFileReference; lastKnownFileType = "compiled.mach-o.dylib"; name = "libgdk_pixbuf-2.0.0.dylib"; path = "../../../../../opt/local/lib/libgdk_pixbuf-2.0.0.dylib"; sourceTree = "<group>"; };
		CEDB0E771AAB31120048667C /* libglib-2.0.0.dylib */ = {isa = PBXFileReference; lastKnownFileType = "compiled.mach-o.dylib"; name = "libglib-2.0.0.dylib"; path = "../../../../../opt/local/lib/libglib-2.0.0.dylib"; sourceTree = "<group>"; };
		CEDB0E791AAB31270048667C /* libgmodule-2.0.0.dylib */ = {isa = PBXFileReference; lastKnownFileType = "compiled.mach-o.dylib"; name = "libgmodule-2.0.0.dylib"; path = "../../../../../opt/local/lib/libgmodule-2.0.0.dylib"; sourceTree = "<group>"; };
		CEDB0E7B1AAB314F0048667C /* libgobject-2.0.0.dylib */ = {isa = PBXFileReference; lastKnownFileType = "compiled.mach-o.dylib"; name = "libgobject-2.0.0.dylib"; path = "../../../../../opt/local/lib/libgobject-2.0.0.dylib"; sourceTree = "<group>"; };
		CEDB0E7D1AAB31600048667C /* libgthread-2.0.0.dylib */ = {isa = PBXFileReference; lastKnownFileType = "compiled.mach-o.dylib"; name = "libgthread-2.0.0.dylib"; path = "../../../../../opt/local/lib/libgthread-2.0.0.dylib"; sourceTree = "<group>"; };
		CEDB0E7F1AAB31700048667C /* libgtk-x11-2.0.0.dylib */ = {isa = PBXFileReference; lastKnownFileType = "compiled.mach-o.dylib"; name = "libgtk-x11-2.0.0.dylib"; path = "../../../../../opt/local/lib/libgtk-x11-2.0.0.dylib"; sourceTree = "<group>"; };
		CEDB0E811AAB31A60048667C /* libpangoxft-1.0.0.dylib */ = {isa = PBXFileReference; lastKnownFileType = "compiled.mach-o.dylib"; name = "libpangoxft-1.0.0.dylib"; path = "../../../../../opt/local/lib/libpangoxft-1.0.0.dylib"; sourceTree = "<group>"; };
/* End PBXFileReference section */

/* Begin PBXFrameworksBuildPhase section */
		CEC9D8AA1AAB1B5300E1CE93 /* Frameworks */ = {
			isa = PBXFrameworksBuildPhase;
			buildActionMask = 2147483647;
			files = (
				CEDB0E721AAB30BF0048667C /* libatk-1.0.0.dylib in Frameworks */,
				CEDB0E7A1AAB31270048667C /* libgmodule-2.0.0.dylib in Frameworks */,
				CE2313F71AAB6A4900B721E8 /* libcurl.4.dylib in Frameworks */,
				CEDB0E7C1AAB314F0048667C /* libgobject-2.0.0.dylib in Frameworks */,
				CEDB0E781AAB31120048667C /* libglib-2.0.0.dylib in Frameworks */,
				CEDB0E741AAB30DC0048667C /* libgdk-x11-2.0.0.dylib in Frameworks */,
				CEDB0E7E1AAB31600048667C /* libgthread-2.0.0.dylib in Frameworks */,
				CEDB0E761AAB30F60048667C /* libgdk_pixbuf-2.0.0.dylib in Frameworks */,
				CEDB0E801AAB31700048667C /* libgtk-x11-2.0.0.dylib in Frameworks */,
				CEDB0E821AAB31A60048667C /* libpangoxft-1.0.0.dylib in Frameworks */,
			);
			runOnlyForDeploymentPostprocessing = 0;
		};
/* End PBXFrameworksBuildPhase section */

/* Begin PBXGroup section */
		CE127B4F1AACE29600045BAB /* Resources */ = {
			isa = PBXGroup;
			children = (
				CEBD6A251AB2316F00C5F552 /* AC.txt */,
				CEBD6A261AB2316F00C5F552 /* ACA.txt */,
				CEBD6A271AB2316F00C5F552 /* AI.txt */,
				CEBD6A281AB2316F00C5F552 /* AIR.txt */,
				CEBD6A291AB2316F00C5F552 /* ALO.txt */,
				CEBD6A2A1AB2316F00C5F552 /* ALU.txt */,
				CEBD6A2B1AB2316F00C5F552 /* BN.txt */,
				CEBD6A2C1AB2316F00C5F552 /* BNP.txt */,
				CEBD6A2D1AB2316F00C5F552 /* CA.txt */,
				CEBD6A2E1AB2316F00C5F552 /* CAP.txt */,
				CEBD6A2F1AB2316F00C5F552 /* CS.txt */,
				CEBD6A301AB2316F00C5F552 /* DG.txt */,
				CEBD6A311AB2316F00C5F552 /* EDF.txt */,
				CEBD6A321AB2316F00C5F552 /* EI.txt */,
				CEBD6A331AB2316F00C5F552 /* EN.txt */,
				CEBD6A341AB2316F00C5F552 /* FP.txt */,
				CEBD6A351AB2316F00C5F552 /* FR.txt */,
				CEBD6A361AB2316F00C5F552 /* GLE.txt */,
				CEBD6A371AB2316F00C5F552 /* graphe.jpg */,
				CEBD6A381AB2316F00C5F552 /* GSZ.txt */,
				CEBD6A391AB2316F00C5F552 /* GTO.txt */,
				CEBD6A3A1AB2316F00C5F552 /* KER.txt */,
				CEBD6A3B1AB2316F00C5F552 /* LG.txt */,
				CEBD6A3C1AB2316F00C5F552 /* LR.txt */,
				CEBD6A3D1AB2316F00C5F552 /* MC.txt */,
				CEBD6A3E1AB2316F00C5F552 /* ML.txt */,
				CEBD6A3F1AB2316F00C5F552 /* MT.txt */,
				CEBD6A401AB2316F00C5F552 /* OR.txt */,
				CEBD6A411AB2316F00C5F552 /* ORA.txt */,
				CEBD6A421AB2316F00C5F552 /* PUB.txt */,
				CEBD6A431AB2316F00C5F552 /* RI.txt */,
				CEBD6A441AB2316F00C5F552 /* RNO.txt */,
				CEBD6A451AB2316F00C5F552 /* SAF.txt */,
				CEBD6A461AB2316F00C5F552 /* SAN.txt */,
				CEBD6A471AB2316F00C5F552 /* SGO.txt */,
				CEBD6A481AB2316F00C5F552 /* SOLB.txt */,
				CEBD6A491AB2316F00C5F552 /* SU.txt */,
				CEBD6A4A1AB2316F00C5F552 /* TEC.txt */,
				CEBD6A4B1AB2316F00C5F552 /* UL.txt */,
				CEBD6A4C1AB2316F00C5F552 /* URL */,
				CEBD6A4D1AB2316F00C5F552 /* VIE.txt */,
				CEBD6A4E1AB2316F00C5F552 /* VIV.txt */,
			);
			name = Resources;
			sourceTree = "<group>";
		};
		CE2313F51AAB671100B721E8 /* libcurl libs */ = {
			isa = PBXGroup;
			children = (
				CE2313F61AAB6A4900B721E8 /* libcurl.4.dylib */,
			);
			name = "libcurl libs";
			sourceTree = "<group>";
		};
		CE2313FE1AAB771000B721E8 /* Headers */ = {
			isa = PBXGroup;
			children = (
				CE26FF4B1AAD2508000F1862 /* action.h */,
				CE127B4D1AACBBBB00045BAB /* simulation.h */,
				CE2313F91AAB73FB00B721E8 /* reseau.h */,
				CE2313FC1AAB770A00B721E8 /* parsing.h */,
				CE127B4B1AACBABD00045BAB /* algoTechnique.h */,
				CEB26B3C1AAD2FAC00F781FD /* interface.h */,
			);
			name = Headers;
			sourceTree = "<group>";
		};
		CEC9D8A41AAB1B5300E1CE93 = {
			isa = PBXGroup;
			children = (
				CE127B4F1AACE29600045BAB /* Resources */,
				CE2313FE1AAB771000B721E8 /* Headers */,
				CE2313F51AAB671100B721E8 /* libcurl libs */,
				CEC9D8B81AAB2FC300E1CE93 /* GTK libs */,
				CEC9D8AF1AAB1B5300E1CE93 /* Source */,
				CEC9D8AE1AAB1B5300E1CE93 /* Products */,
			);
			sourceTree = "<group>";
		};
		CEC9D8AE1AAB1B5300E1CE93 /* Products */ = {
			isa = PBXGroup;
			children = (
				CEC9D8AD1AAB1B5300E1CE93 /* trading */,
			);
			name = Products;
			sourceTree = "<group>";
		};
		CEC9D8AF1AAB1B5300E1CE93 /* Source */ = {
			isa = PBXGroup;
			children = (
				CEB26B3A1AAD2F8E00F781FD /* interface.c */,
				CEB26B361AAD276600F781FD /* Momentum.c */,
				CEB26B371AAD276600F781FD /* Points Pivots.c */,
				CE26FF4A1AAD2508000F1862 /* action.c */,
				CE127B491AACB8A900045BAB /* MMA.c */,
				CEC9D8B01AAB1B5300E1CE93 /* main.c */,
				CE2313F81AAB73FB00B721E8 /* reseau.c */,
				CE2313FB1AAB770A00B721E8 /* parsing.c */,
				CE127B4C1AACBBBB00045BAB /* simulation.c */,
			);
			name = Source;
			path = trading;
			sourceTree = "<group>";
		};
		CEC9D8B81AAB2FC300E1CE93 /* GTK libs */ = {
			isa = PBXGroup;
			children = (
				CEDB0E811AAB31A60048667C /* libpangoxft-1.0.0.dylib */,
				CEDB0E7F1AAB31700048667C /* libgtk-x11-2.0.0.dylib */,
				CEDB0E7D1AAB31600048667C /* libgthread-2.0.0.dylib */,
				CEDB0E7B1AAB314F0048667C /* libgobject-2.0.0.dylib */,
				CEDB0E791AAB31270048667C /* libgmodule-2.0.0.dylib */,
				CEDB0E771AAB31120048667C /* libglib-2.0.0.dylib */,
				CEDB0E751AAB30F60048667C /* libgdk_pixbuf-2.0.0.dylib */,
				CEDB0E731AAB30DC0048667C /* libgdk-x11-2.0.0.dylib */,
				CEDB0E711AAB30BF0048667C /* libatk-1.0.0.dylib */,
			);
			name = "GTK libs";
			sourceTree = "<group>";
		};
/* End PBXGroup section */

/* Begin PBXNativeTarget section */
		CEC9D8AC1AAB1B5300E1CE93 /* trading */ = {
			isa = PBXNativeTarget;
			buildConfigurationList = CEC9D8B41AAB1B5300E1CE93 /* Build configuration list for PBXNativeTarget "trading" */;
			buildPhases = (
				CEC9D8A91AAB1B5300E1CE93 /* Sources */,
				CEC9D8AA1AAB1B5300E1CE93 /* Frameworks */,
				CEC9D8AB1AAB1B5300E1CE93 /* CopyFiles */,
			);
			buildRules = (
			);
			dependencies = (
			);
			name = trading;
			productName = trading;
			productReference = CEC9D8AD1AAB1B5300E1CE93 /* trading */;
			productType = "com.apple.product-type.tool";
		};
/* End PBXNativeTarget section */

/* Begin PBXProject section */
		CEC9D8A51AAB1B5300E1CE93 /* Project object */ = {
			isa = PBXProject;
			attributes = {
				LastUpgradeCheck = 0610;
				ORGANIZATIONNAME = Charles;
				TargetAttributes = {
					CEC9D8AC1AAB1B5300E1CE93 = {
						CreatedOnToolsVersion = 6.1.1;
					};
				};
			};
			buildConfigurationList = CEC9D8A81AAB1B5300E1CE93 /* Build configuration list for PBXProject "trading" */;
			compatibilityVersion = "Xcode 3.2";
			developmentRegion = English;
			hasScannedForEncodings = 0;
			knownRegions = (
				en,
			);
			mainGroup = CEC9D8A41AAB1B5300E1CE93;
			productRefGroup = CEC9D8AE1AAB1B5300E1CE93 /* Products */;
			projectDirPath = "";
			projectRoot = "";
			targets = (
				CEC9D8AC1AAB1B5300E1CE93 /* trading */,
			);
		};
/* End PBXProject section */

/* Begin PBXSourcesBuildPhase section */
		CEC9D8A91AAB1B5300E1CE93 /* Sources */ = {
			isa = PBXSourcesBuildPhase;
			buildActionMask = 2147483647;
			files = (
				CE2313FA1AAB73FB00B721E8 /* reseau.c in Sources */,
				CEB26B3B1AAD2F8E00F781FD /* interface.c in Sources */,
				CEC9D8B11AAB1B5300E1CE93 /* main.c in Sources */,
				CEB26B391AAD276600F781FD /* Points Pivots.c in Sources */,
				CE127B4E1AACBBBB00045BAB /* simulation.c in Sources */,
				CE26FF4C1AAD2508000F1862 /* action.c in Sources */,
				CE127B4A1AACB8A900045BAB /* MMA.c in Sources */,
				CE2313FD1AAB770A00B721E8 /* parsing.c in Sources */,
				CEB26B381AAD276600F781FD /* Momentum.c in Sources */,
			);
			runOnlyForDeploymentPostprocessing = 0;
		};
/* End PBXSourcesBuildPhase section */

/* Begin XCBuildConfiguration section */
		CEC9D8B21AAB1B5300E1CE93 /* Debug */ = {
			isa = XCBuildConfiguration;
			buildSettings = {
				ALWAYS_SEARCH_USER_PATHS = NO;
				CLANG_CXX_LANGUAGE_STANDARD = "gnu++0x";
				CLANG_CXX_LIBRARY = "libc++";
				CLANG_ENABLE_MODULES = YES;
				CLANG_ENABLE_OBJC_ARC = YES;
				CLANG_WARN_BOOL_CONVERSION = YES;
				CLANG_WARN_CONSTANT_CONVERSION = YES;
				CLANG_WARN_DIRECT_OBJC_ISA_USAGE = YES_ERROR;
				CLANG_WARN_EMPTY_BODY = YES;
				CLANG_WARN_ENUM_CONVERSION = YES;
				CLANG_WARN_INT_CONVERSION = YES;
				CLANG_WARN_OBJC_ROOT_CLASS = YES_ERROR;
				CLANG_WARN_UNREACHABLE_CODE = YES;
				CLANG_WARN__DUPLICATE_METHOD_MATCH = YES;
				COPY_PHASE_STRIP = NO;
				ENABLE_STRICT_OBJC_MSGSEND = YES;
				GCC_C_LANGUAGE_STANDARD = gnu99;
				GCC_DYNAMIC_NO_PIC = NO;
				GCC_OPTIMIZATION_LEVEL = 0;
				GCC_PREPROCESSOR_DEFINITIONS = (
					"DEBUG=1",
					"$(inherited)",
				);
				GCC_SYMBOLS_PRIVATE_EXTERN = NO;
				GCC_WARN_64_TO_32_BIT_CONVERSION = YES;
				GCC_WARN_ABOUT_RETURN_TYPE = YES_ERROR;
				GCC_WARN_UNDECLARED_SELECTOR = YES;
				GCC_WARN_UNINITIALIZED_AUTOS = YES_AGGRESSIVE;
				GCC_WARN_UNUSED_FUNCTION = YES;
				GCC_WARN_UNUSED_VARIABLE = YES;
				MACOSX_DEPLOYMENT_TARGET = 10.10;
				MTL_ENABLE_DEBUG_INFO = YES;
				ONLY_ACTIVE_ARCH = YES;
				SDKROOT = macosx;
			};
			name = Debug;
		};
		CEC9D8B31AAB1B5300E1CE93 /* Release */ = {
			isa = XCBuildConfiguration;
			buildSettings = {
				ALWAYS_SEARCH_USER_PATHS = NO;
				CLANG_CXX_LANGUAGE_STANDARD = "gnu++0x";
				CLANG_CXX_LIBRARY = "libc++";
				CLANG_ENABLE_MODULES = YES;
				CLANG_ENABLE_OBJC_ARC = YES;
				CLANG_WARN_BOOL_CONVERSION = YES;
				CLANG_WARN_CONSTANT_CONVERSION = YES;
				CLANG_WARN_DIRECT_OBJC_ISA_USAGE = YES_ERROR;
				CLANG_WARN_EMPTY_BODY = YES;
				CLANG_WARN_ENUM_CONVERSION = YES;
				CLANG_WARN_INT_CONVERSION = YES;
				CLANG_WARN_OBJC_ROOT_CLASS = YES_ERROR;
				CLANG_WARN_UNREACHABLE_CODE = YES;
				CLANG_WARN__DUPLICATE_METHOD_MATCH = YES;
				COPY_PHASE_STRIP = YES;
				DEBUG_INFORMATION_FORMAT = "dwarf-with-dsym";
				ENABLE_NS_ASSERTIONS = NO;
				ENABLE_STRICT_OBJC_MSGSEND = YES;
				GCC_C_LANGUAGE_STANDARD = gnu99;
				GCC_WARN_64_TO_32_BIT_CONVERSION = YES;
				GCC_WARN_ABOUT_RETURN_TYPE = YES_ERROR;
				GCC_WARN_UNDECLARED_SELECTOR = YES;
				GCC_WARN_UNINITIALIZED_AUTOS = YES_AGGRESSIVE;
				GCC_WARN_UNUSED_FUNCTION = YES;
				GCC_WARN_UNUSED_VARIABLE = YES;
				MACOSX_DEPLOYMENT_TARGET = 10.10;
				MTL_ENABLE_DEBUG_INFO = NO;
				SDKROOT = macosx;
			};
			name = Release;
		};
		CEC9D8B51AAB1B5300E1CE93 /* Debug */ = {
			isa = XCBuildConfiguration;
			buildSettings = {
				GCC_VERSION = "";
				HEADER_SEARCH_PATHS = (
					"$(inherited)",
					/Applications/Xcode.app/Contents/Developer/Toolchains/XcodeDefault.xctoolchain/usr/include,
					/usr/include,
					"/opt/local/include/**",
					"/opt/local/lib/gtk-2.0/include",
					"/opt/local/lib/glib-2.0/include",
				);
				LIBRARY_SEARCH_PATHS = (
					/usr/lib,
					"/opt/local/lib/**",
					/opt/local/lib,
				);
				OTHER_CFLAGS = "$(pkg-config --cflags --libs glib-2.0)";
				PRODUCT_NAME = "$(TARGET_NAME)";
				SYMROOT = "";
			};
			name = Debug;
		};
		CEC9D8B61AAB1B5300E1CE93 /* Release */ = {
			isa = XCBuildConfiguration;
			buildSettings = {
				GCC_VERSION = "";
				HEADER_SEARCH_PATHS = (
					"$(inherited)",
					/Applications/Xcode.app/Contents/Developer/Toolchains/XcodeDefault.xctoolchain/usr/include,
					/usr/include,
					"/opt/local/include/**",
					"/opt/local/lib/gtk-2.0/include",
					"/opt/local/lib/glib-2.0/include",
				);
				LIBRARY_SEARCH_PATHS = (
					/usr/lib,
					"/opt/local/lib/**",
					/opt/local/lib,
				);
				OTHER_CFLAGS = "$(pkg-config --cflags --libs glib-2.0)";
				PRODUCT_NAME = "$(TARGET_NAME)";
				SYMROOT = "";
			};
			name = Release;
		};
/* End XCBuildConfiguration section */

/* Begin XCConfigurationList section */
		CEC9D8A81AAB1B5300E1CE93 /* Build configuration list for PBXProject "trading" */ = {
			isa = XCConfigurationList;
			buildConfigurations = (
				CEC9D8B21AAB1B5300E1CE93 /* Debug */,
				CEC9D8B31AAB1B5300E1CE93 /* Release */,
			);
			defaultConfigurationIsVisible = 0;
			defaultConfigurationName = Release;
		};
		CEC9D8B41AAB1B5300E1CE93 /* Build configuration list for PBXNativeTarget "trading" */ = {
			isa = XCConfigurationList;
			buildConfigurations = (
				CEC9D8B51AAB1B5300E1CE93 /* Debug */,
				CEC9D8B61AAB1B5300E1CE93 /* Release */,
			);
			defaultConfigurationIsVisible = 0;
			defaultConfigurationName = Release;
		};
/* End XCConfigurationList section */
	};
	rootObject = CEC9D8A51AAB1B5300E1CE93 /* Project object */;
}
